<?xml version="1.0" encoding="UTF-8"?>
<Scheme
   LastUpgradeVersion = "0640"
   version = "1.3">
   <BuildAction
      parallelizeBuildables = "YES"
      buildImplicitDependencies = "YES">
      <BuildActionEntries>
         <BuildActionEntry
            buildForTesting = "YES"
            buildForRunning = "YES"
            buildForProfiling = "YES"
            buildForArchiving = "YES"
            buildForAnalyzing = "YES">
            <BuildableReference
               BuildableIdentifier = "primary"
               BlueprintIdentifier = "28586EBF1B7C1FD400F39A98"
               BuildableName = "quaff"
               BlueprintName = "quaff"
               ReferencedContainer = "container:quaff.xcodeproj">
            </BuildableReference>
         </BuildActionEntry>
      </BuildActionEntries>
   </BuildAction>
   <TestAction
      selectedDebuggerIdentifier = "Xcode.DebuggerFoundation.Debugger.LLDB"
      selectedLauncherIdentifier = "Xcode.DebuggerFoundation.Launcher.LLDB"
      shouldUseLaunchSchemeArgsEnv = "YES"
      buildConfiguration = "Debug">
      <Testables>
      </Testables>
      <MacroExpansion>
         <BuildableReference
            BuildableIdentifier = "primary"
            BlueprintIdentifier = "28586EBF1B7C1FD400F39A98"
            BuildableName = "quaff"
            BlueprintName = "quaff"
            ReferencedContainer = "container:quaff.xcodeproj">
         </BuildableReference>
      </MacroExpansion>
   </TestAction>
   <LaunchAction
      selectedDebuggerIdentifier = "Xcode.DebuggerFoundation.Debugger.LLDB"
      selectedLauncherIdentifier = "Xcode.DebuggerFoundation.Launcher.LLDB"
      launchStyle = "0"
      useCustomWorkingDirectory = "YES"
      customWorkingDirectory = "/Users/yam/quaff"
      buildConfiguration = "Debug"
      ignoresPersistentStateOnLaunch = "NO"
      debugDocumentVersioning = "YES"
      allowLocationSimulation = "YES">
      <BuildableProductRunnable
         runnableDebuggingMode = "0">
         <BuildableReference
            BuildableIdentifier = "primary"
            BlueprintIdentifier = "28586EBF1B7C1FD400F39A98"
            BuildableName = "quaff"
            BlueprintName = "quaff"
            ReferencedContainer = "container:quaff.xcodeproj">
         </BuildableReference>
      </BuildableProductRunnable>
      <CommandLineArguments>
         <CommandLineArgument
            argument = "align -params /Users/yam/quaff/params.yaml -ref /Users/yam/latex/nanopair/nanopair-data/ch8_file30_strand.fastq -read /Users/yam/latex/nanopair/nanopair-data/ch8_file30_strand.fastq -v5 -nothreshold -printall"
            isEnabled = "NO">
         </CommandLineArgument>
         <CommandLineArgument
            argument = "align -params params.yaml -ref /Users/yam/latex/nanopair/nanopair-data/ch8_file30_strand.fastq -read /Users/yam/latex/nanopair/nanopair-data/ch8_file30_strand.fastq -v5 -nothreshold -printall -fwdstrand"
            isEnabled = "NO">
         </CommandLineArgument>
         <CommandLineArgument
            argument = "train -ref /Users/yam/latex/nanopair/nanopair-data/ch8_file30_strand.fastq -read /Users/yam/latex/nanopair/nanopair-data/ch8_file30_strand.fastq -v -fwdstrand -global -params /Users/yam/latex/nanopair/nanopair-data/p.yaml -v -force -mininc 0"
            isEnabled = "NO">
         </CommandLineArgument>
         <CommandLineArgument
            argument = "train -ref /Users/yam/latex/nanopair/nanopair-data/ch8_file30_strand.fastq -read /Users/yam/latex/nanopair/nanopair-data/ch8_file30_strand.fastq -v -fwdstrand -global -v -mininc 0 -prior prior -saveprior prior2 -null null -savenull null2"
            isEnabled = "NO">
         </CommandLineArgument>
         <CommandLineArgument
            argument = "overlap -params params.yaml -reads /Users/yam/latex/nanopair/nanopair-data/ch8_file30_strand.fastq -nothreshold"
            isEnabled = "NO">
         </CommandLineArgument>
         <CommandLineArgument
            argument = "overlap -params params.yaml -reads /Users/yam/latex/nanopair/nanopair-data/ch8_file30_strand.fastq -reads /Users/yam/latex/nanopair/nanopair-data/ch8_file30_strand.fastq -nothreshold -fwdstrand"
            isEnabled = "NO">
         </CommandLineArgument>
         <CommandLineArgument
            argument = "overlap -params params.yaml -reads /Users/yam/latex/nanopair/nanopair-data/ch8_file30_strand.fastq -reads /Users/yam/latex/nanopair/nanopair-data/ch8_file30_strand.fastq -vv -noquals"
            isEnabled = "NO">
         </CommandLineArgument>
         <CommandLineArgument
            argument = "train -ref /Users/yam/latex/nanopair/nanopair-data/ch8_file30_strand.fastq -reads /Users/yam/latex/nanopair/nanopair-data/ch8_file30_strand.fastq -vvv -order 2"
            isEnabled = "NO">
         </CommandLineArgument>
         <CommandLineArgument
            argument = "overlap -reads nanopair-data/ch8_file30_strand.fastq -reads nanopair-data/ch8_file30_strand.fastq -v -params params2.yaml"
            isEnabled = "NO">
         </CommandLineArgument>
         <CommandLineArgument
            argument = "overlap c8f30.fastq.gz c8f30.fastq.gz"
            isEnabled = "YES">
         </CommandLineArgument>
      </CommandLineArguments>
      <AdditionalOptions>
      </AdditionalOptions>
   </LaunchAction>
   <ProfileAction
      shouldUseLaunchSchemeArgsEnv = "YES"
      savedToolIdentifier = ""
      useCustomWorkingDirectory = "NO"
      buildConfiguration = "Release"
      debugDocumentVersioning = "YES">
      <BuildableProductRunnable
         runnableDebuggingMode = "0">
         <BuildableReference
            BuildableIdentifier = "primary"
            BlueprintIdentifier = "28586EBF1B7C1FD400F39A98"
            BuildableName = "quaff"
            BlueprintName = "quaff"
            ReferencedContainer = "container:quaff.xcodeproj">
         </BuildableReference>
      </BuildableProductRunnable>
   </ProfileAction>
   <AnalyzeAction
      buildConfiguration = "Debug">
   </AnalyzeAction>
   <ArchiveAction
      buildConfiguration = "Release"
      revealArchiveInOrganizer = "YES">
   </ArchiveAction>
</Scheme>
